[ "cowboy": {:git, "git://github.com/extend/cowboy.git", "bbee34fe1638b742796b00b39c0859395a752167", []},
  "dynamo": {:git, "git://github.com/elixir-lang/dynamo.git", "162444c02fcf7d8aa1c65dcd36d02fd2e2450a24", []},
  "exjson": {:git, "https://github.com/guedes/exjson.git", "870de62caafc02e89ccaeb30f8b80f3fcc5e89ee", []},
  "hackney": {:git, "git://github.com/benoitc/hackney.git", "5b0f7eb949ebebd6fabfbc4e08a7b7231850606a", []},
  "httpotion": {:git, "git://github.com/myfreeweb/httpotion.git", "6a1832dfb7e1465831deb509e4ea70ddff5d5e28", []},
  "ibrowse": {:git, "git://github.com/cmullaparthi/ibrowse.git", "2e13b63788f48934ab9b075b9d741bfa814d0d6d", []},
  "jsex": {:git, "git://github.com/talentdeficit/jsex.git", "c9df36f07b2089a73ab6b32074c01728f1e5a2e1", []},
  "jsx": {:git, "git://github.com/talentdeficit/jsx.git", "e50af6e109cb03bd26acf715cbc77de746507d1d", [{:tag, "v1.4.3"}]},
  "mimetypes": {:git, "git://github.com/spawngrid/mimetypes.git", "47d37a977a7d633199822bf6b08353007483d00f", []},
  "ranch": {:git, "git://github.com/extend/ranch.git", "41705752ffc7e3ecb96eef8374015ead4ca7f699", [{:ref, "0.8.5"}]} ]
