%{"cowboy": {:git, "git://github.com/extend/cowboy.git", "df818625545d565b8b76fbc445063a4822114b93", []},
  "cowlib": {:git, "git://github.com/extend/cowlib.git", "63298e8e160031a70efff86a1acde7e7db1fcda6", [ref: "0.4.0"]},
  "dynamo": {:git, "git://github.com/dynamo/dynamo.git", "d5c71e0023f9d85c796f6069a1d678dddd285cd0", []},
  "ex_doc": {:git, "git://github.com/elixir-lang/ex_doc.git", "ab4c3db27b66e5dba30cb3ec0e85bb891e0186b4", []},
  "httpotion": {:git, "git://github.com/myfreeweb/httpotion.git", "3346c05b5ba31f8d8b60090341e155f06c7dbc33", []},
  "ibrowse": {:git, "git://github.com/cmullaparthi/ibrowse.git", "7871e2ebe8811efb64e1917e2de455fa87e8dfe3", [tag: "v4.1.0"]},
  "jsex": {:git, "git://github.com/talentdeficit/jsex.git", "01073fd976397d4140032b62ae64f15d1442ea18", [branch: "develop"]},
  "jsx": {:git, "git://github.com/talentdeficit/jsx.git", "507fa4c41db33c81e925ab53f4d789d234aaff2f", [tag: "v2.0.1"]},
  "mime": {:git, "git://github.com/dynamo/mime.git", "db84370c53a67a7e58a4d0cfb026f4edc64a9367", []},
  "poolboy": {:git, "git://github.com/devinus/poolboy.git", "828ea4eba1b78a6672a493d08ceffcf19f259f60", []},
  "ranch": {:git, "git://github.com/extend/ranch.git", "5df1f222f94e08abdcab7084f5e13027143cc222", [ref: "0.9.0"]},
  "uuid": {:git, "git://github.com/travis/erlang-uuid.git", "f6a1cf9027e4af78b4a81201f4f6db1a822b8316", []}}
