%{"cowboy": {:git, "git://github.com/extend/cowboy.git", "df818625545d565b8b76fbc445063a4822114b93", []},
  "cowlib": {:git, "git://github.com/extend/cowlib.git", "63298e8e160031a70efff86a1acde7e7db1fcda6", [ref: "0.4.0"]},
  "dynamo": {:git, "git://github.com/dynamo/dynamo.git", "6b6c51633da88d4ac7541fee1c1407c8685543c4", []},
  "ex_doc": {:git, "git://github.com/elixir-lang/ex_doc.git", "c14203bfca186f68ff178e5ada9af4f5fb37e205", []},
  "httpotion": {:git, "git://github.com/chatgris/httpotion.git", "af92f484276c5b085a278db48c9dbfccb29f4f4b", []},
  "ibrowse": {:git, "git://github.com/cmullaparthi/ibrowse.git", "7871e2ebe8811efb64e1917e2de455fa87e8dfe3", [tag: "v4.1.0"]},
  "jsex": {:git, "git://github.com/talentdeficit/jsex.git", "3837aba229a47d959d7826f2f49b001cc911883d", []},
  "jsx": {:git, "git://github.com/talentdeficit/jsx.git", "8e150dafb9787dd6b608e912c1b52575b06fe7f8", [tag: "v2.0"]},
  "mime": {:git, "git://github.com/dynamo/mime.git", "db84370c53a67a7e58a4d0cfb026f4edc64a9367", []},
  "poolboy": {:git, "git://github.com/devinus/poolboy.git", "db4df155c088731ce07858d930c800d41c3e907e", []},
  "ranch": {:git, "git://github.com/extend/ranch.git", "5df1f222f94e08abdcab7084f5e13027143cc222", [ref: "0.9.0"]},
  "uuid": {:git, "git://github.com/travis/erlang-uuid.git", "f6a1cf9027e4af78b4a81201f4f6db1a822b8316", []}}
